
Microsoft Visual Studio Solution File, Format Version 12.00
# Visual Studio 14
VisualStudioVersion = 14.0.23107.0
MinimumVisualStudioVersion = 10.0.40219.1
Project("{FAE04EC0-301F-11D3-BF4B-00C04F79EFBC}") = "IRCI", "IRCI\IRCI.csproj", "{DB3058D0-FC42-4C7C-A2FD-8C396ABF81A1}"
EndProject
Global
	GlobalSection(SolutionConfigurationPlatforms) = preSolution
		Debug|Any CPU = Debug|Any CPU
		Release|Any CPU = Release|Any CPU
	EndGlobalSection
	GlobalSection(ProjectConfigurationPlatforms) = postSolution
		{DB3058D0-FC42-4C7C-A2FD-8C396ABF81A1}.Debug|Any CPU.ActiveCfg = Debug|Any CPU
		{DB3058D0-FC42-4C7C-A2FD-8C396ABF81A1}.Debug|Any CPU.Build.0 = Debug|Any CPU
		{DB3058D0-FC42-4C7C-A2FD-8C396ABF81A1}.Release|Any CPU.ActiveCfg = Release|Any CPU
		{DB3058D0-FC42-4C7C-A2FD-8C396ABF81A1}.Release|Any CPU.Build.0 = Release|Any CPU
	EndGlobalSection
	GlobalSection(SolutionProperties) = preSolution
		HideSolutionNode = FALSE
	EndGlobalSection
EndGlobal
